
Microsoft Visual Studio Solution File, Format Version 12.00
# Visual Studio Version 17
VisualStudioVersion = 17.4.33103.184
MinimumVisualStudioVersion = 10.0.40219.1
Project("{9A19103F-16F7-4668-BE54-9A1E7A4F7556}") = "Coronavirus_Laba_5", "Coronavirus_Laba_5\Coronavirus_Laba_5.csproj", "{39917E9E-DBB6-4355-93C9-F4FB9E4287AB}"
EndProject
Project("{FAE04EC0-301F-11D3-BF4B-00C04F79EFBC}") = "Model", "Model\Model.csproj", "{1F06B844-5B7B-43B3-B8F8-58B632E64980}"
EndProject
Project("{FAE04EC0-301F-11D3-BF4B-00C04F79EFBC}") = "Logic", "Logic\Logic.csproj", "{A3ABAA1B-59A1-4812-8118-1CC3C998FD13}"
EndProject
Global
	GlobalSection(SolutionConfigurationPlatforms) = preSolution
		Debug|Any CPU = Debug|Any CPU
		Release|Any CPU = Release|Any CPU
	EndGlobalSection
	GlobalSection(ProjectConfigurationPlatforms) = postSolution
		{39917E9E-DBB6-4355-93C9-F4FB9E4287AB}.Debug|Any CPU.ActiveCfg = Debug|Any CPU
		{39917E9E-DBB6-4355-93C9-F4FB9E4287AB}.Debug|Any CPU.Build.0 = Debug|Any CPU
		{39917E9E-DBB6-4355-93C9-F4FB9E4287AB}.Release|Any CPU.ActiveCfg = Release|Any CPU
		{39917E9E-DBB6-4355-93C9-F4FB9E4287AB}.Release|Any CPU.Build.0 = Release|Any CPU
		{1F06B844-5B7B-43B3-B8F8-58B632E64980}.Debug|Any CPU.ActiveCfg = Debug|Any CPU
		{1F06B844-5B7B-43B3-B8F8-58B632E64980}.Debug|Any CPU.Build.0 = Debug|Any CPU
		{1F06B844-5B7B-43B3-B8F8-58B632E64980}.Release|Any CPU.ActiveCfg = Release|Any CPU
		{1F06B844-5B7B-43B3-B8F8-58B632E64980}.Release|Any CPU.Build.0 = Release|Any CPU
		{A3ABAA1B-59A1-4812-8118-1CC3C998FD13}.Debug|Any CPU.ActiveCfg = Debug|Any CPU
		{A3ABAA1B-59A1-4812-8118-1CC3C998FD13}.Debug|Any CPU.Build.0 = Debug|Any CPU
		{A3ABAA1B-59A1-4812-8118-1CC3C998FD13}.Release|Any CPU.ActiveCfg = Release|Any CPU
		{A3ABAA1B-59A1-4812-8118-1CC3C998FD13}.Release|Any CPU.Build.0 = Release|Any CPU
	EndGlobalSection
	GlobalSection(SolutionProperties) = preSolution
		HideSolutionNode = FALSE
	EndGlobalSection
	GlobalSection(ExtensibilityGlobals) = postSolution
		SolutionGuid = {A306F193-D68D-4136-BB19-DE4B40F928C2}
	EndGlobalSection
EndGlobal
